// !$*UTF8*$!
{
	archiveVersion = 1;
	classes = {
	};
	objectVersion = 77;
	objects = {

/* Begin PBXContainerItemProxy section */
		4773A6422DCC6034008EE5A4 /* PBXContainerItemProxy */ = {
			isa = PBXContainerItemProxy;
			containerPortal = 4773A62C2DCC6033008EE5A4 /* Project object */;
			proxyType = 1;
			remoteGlobalIDString = 4773A6332DCC6033008EE5A4;
			remoteInfo = knotifyDemo;
		};
		4773A64C2DCC6034008EE5A4 /* PBXContainerItemProxy */ = {
			isa = PBXContainerItemProxy;
			containerPortal = 4773A62C2DCC6033008EE5A4 /* Project object */;
			proxyType = 1;
			remoteGlobalIDString = 4773A6332DCC6033008EE5A4;
			remoteInfo = knotifyDemo;
		};
/* End PBXContainerItemProxy section */

/* Begin PBXFileReference section */
		4773A6342DCC6033008EE5A4 /* knotifyDemo.app */ = {isa = PBXFileReference; explicitFileType = wrapper.application; includeInIndex = 0; path = knotifyDemo.app; sourceTree = BUILT_PRODUCTS_DIR; };
		4773A6412DCC6034008EE5A4 /* knotifyDemoTests.xctest */ = {isa = PBXFileReference; explicitFileType = wrapper.cfbundle; includeInIndex = 0; path = knotifyDemoTests.xctest; sourceTree = BUILT_PRODUCTS_DIR; };
		4773A64B2DCC6034008EE5A4 /* knotifyDemoUITests.xctest */ = {isa = PBXFileReference; explicitFileType = wrapper.cfbundle; includeInIndex = 0; path = knotifyDemoUITests.xctest; sourceTree = BUILT_PRODUCTS_DIR; };
/* End PBXFileReference section */

/* Begin PBXFileSystemSynchronizedRootGroup section */
		4773A6362DCC6033008EE5A4 /* knotifyDemo */ = {
			isa = PBXFileSystemSynchronizedRootGroup;
			path = knotifyDemo;
			sourceTree = "<group>";
		};
		4773A6442DCC6034008EE5A4 /* knotifyDemoTests */ = {
			isa = PBXFileSystemSynchronizedRootGroup;
			path = knotifyDemoTests;
			sourceTree = "<group>";
		};
		4773A64E2DCC6034008EE5A4 /* knotifyDemoUITests */ = {
			isa = PBXFileSystemSynchronizedRootGroup;
			path = knotifyDemoUITests;
			sourceTree = "<group>";
		};
/* End PBXFileSystemSynchronizedRootGroup section */

/* Begin PBXFrameworksBuildPhase section */
		4773A6312DCC6033008EE5A4 /* Frameworks */ = {
			isa = PBXFrameworksBuildPhase;
			buildActionMask = 2147483647;
			files = (
			);
			runOnlyForDeploymentPostprocessing = 0;
		};
		4773A63E2DCC6034008EE5A4 /* Frameworks */ = {
			isa = PBXFrameworksBuildPhase;
			buildActionMask = 2147483647;
			files = (
			);
			runOnlyForDeploymentPostprocessing = 0;
		};
		4773A6482DCC6034008EE5A4 /* Frameworks */ = {
			isa = PBXFrameworksBuildPhase;
			buildActionMask = 2147483647;
			files = (
			);
			runOnlyForDeploymentPostprocessing = 0;
		};
/* End PBXFrameworksBuildPhase section */

/* Begin PBXGroup section */
		4773A62B2DCC6033008EE5A4 = {
			isa = PBXGroup;
			children = (
				4773A6362DCC6033008EE5A4 /* knotifyDemo */,
				4773A6442DCC6034008EE5A4 /* knotifyDemoTests */,
				4773A64E2DCC6034008EE5A4 /* knotifyDemoUITests */,
				4773A6352DCC6033008EE5A4 /* Products */,
			);
			sourceTree = "<group>";
		};
		4773A6352DCC6033008EE5A4 /* Products */ = {
			isa = PBXGroup;
			children = (
				4773A6342DCC6033008EE5A4 /* knotifyDemo.app */,
				4773A6412DCC6034008EE5A4 /* knotifyDemoTests.xctest */,
				4773A64B2DCC6034008EE5A4 /* knotifyDemoUITests.xctest */,
			);
			name = Products;
			sourceTree = "<group>";
		};
/* End PBXGroup section */

/* Begin PBXNativeTarget section */
		4773A6332DCC6033008EE5A4 /* knotifyDemo */ = {
			isa = PBXNativeTarget;
			buildConfigurationList = 4773A6552DCC6034008EE5A4 /* Build configuration list for PBXNativeTarget "knotifyDemo" */;
			buildPhases = (
				4773A65E2DCC6095008EE5A4 /* ShellScript */,
				4773A6302DCC6033008EE5A4 /* Sources */,
				4773A6312DCC6033008EE5A4 /* Frameworks */,
				4773A6322DCC6033008EE5A4 /* Resources */,
			);
			buildRules = (
			);
			dependencies = (
			);
			fileSystemSynchronizedGroups = (
				4773A6362DCC6033008EE5A4 /* knotifyDemo */,
			);
			name = knotifyDemo;
			packageProductDependencies = (
			);
			productName = knotifyDemo;
			productReference = 4773A6342DCC6033008EE5A4 /* knotifyDemo.app */;
			productType = "com.apple.product-type.application";
		};
		4773A6402DCC6034008EE5A4 /* knotifyDemoTests */ = {
			isa = PBXNativeTarget;
			buildConfigurationList = 4773A6582DCC6034008EE5A4 /* Build configuration list for PBXNativeTarget "knotifyDemoTests" */;
			buildPhases = (
				4773A63D2DCC6034008EE5A4 /* Sources */,
				4773A63E2DCC6034008EE5A4 /* Frameworks */,
				4773A63F2DCC6034008EE5A4 /* Resources */,
			);
			buildRules = (
			);
			dependencies = (
				4773A6432DCC6034008EE5A4 /* PBXTargetDependency */,
			);
			fileSystemSynchronizedGroups = (
				4773A6442DCC6034008EE5A4 /* knotifyDemoTests */,
			);
			name = knotifyDemoTests;
			packageProductDependencies = (
			);
			productName = knotifyDemoTests;
			productReference = 4773A6412DCC6034008EE5A4 /* knotifyDemoTests.xctest */;
			productType = "com.apple.product-type.bundle.unit-test";
		};
		4773A64A2DCC6034008EE5A4 /* knotifyDemoUITests */ = {
			isa = PBXNativeTarget;
			buildConfigurationList = 4773A65B2DCC6034008EE5A4 /* Build configuration list for PBXNativeTarget "knotifyDemoUITests" */;
			buildPhases = (
				4773A6472DCC6034008EE5A4 /* Sources */,
				4773A6482DCC6034008EE5A4 /* Frameworks */,
				4773A6492DCC6034008EE5A4 /* Resources */,
			);
			buildRules = (
			);
			dependencies = (
				4773A64D2DCC6034008EE5A4 /* PBXTargetDependency */,
			);
			fileSystemSynchronizedGroups = (
				4773A64E2DCC6034008EE5A4 /* knotifyDemoUITests */,
			);
			name = knotifyDemoUITests;
			packageProductDependencies = (
			);
			productName = knotifyDemoUITests;
			productReference = 4773A64B2DCC6034008EE5A4 /* knotifyDemoUITests.xctest */;
			productType = "com.apple.product-type.bundle.ui-testing";
		};
/* End PBXNativeTarget section */

/* Begin PBXProject section */
		4773A62C2DCC6033008EE5A4 /* Project object */ = {
			isa = PBXProject;
			attributes = {
				BuildIndependentTargetsInParallel = 1;
				LastSwiftUpdateCheck = 1630;
				LastUpgradeCheck = 1630;
				TargetAttributes = {
					4773A6332DCC6033008EE5A4 = {
						CreatedOnToolsVersion = 16.3;
					};
					4773A6402DCC6034008EE5A4 = {
						CreatedOnToolsVersion = 16.3;
						TestTargetID = 4773A6332DCC6033008EE5A4;
					};
					4773A64A2DCC6034008EE5A4 = {
						CreatedOnToolsVersion = 16.3;
						TestTargetID = 4773A6332DCC6033008EE5A4;
					};
				};
			};
			buildConfigurationList = 4773A62F2DCC6033008EE5A4 /* Build configuration list for PBXProject "knotifyDemo" */;
			developmentRegion = en;
			hasScannedForEncodings = 0;
			knownRegions = (
				en,
				Base,
			);
			mainGroup = 4773A62B2DCC6033008EE5A4;
			minimizedProjectReferenceProxies = 1;
			preferredProjectObjectVersion = 77;
			productRefGroup = 4773A6352DCC6033008EE5A4 /* Products */;
			projectDirPath = "";
			projectRoot = "";
			targets = (
				4773A6332DCC6033008EE5A4 /* knotifyDemo */,
				4773A6402DCC6034008EE5A4 /* knotifyDemoTests */,
				4773A64A2DCC6034008EE5A4 /* knotifyDemoUITests */,
			);
		};
/* End PBXProject section */

/* Begin PBXResourcesBuildPhase section */
		4773A6322DCC6033008EE5A4 /* Resources */ = {
			isa = PBXResourcesBuildPhase;
			buildActionMask = 2147483647;
			files = (
			);
			runOnlyForDeploymentPostprocessing = 0;
		};
		4773A63F2DCC6034008EE5A4 /* Resources */ = {
			isa = PBXResourcesBuildPhase;
			buildActionMask = 2147483647;
			files = (
			);
			runOnlyForDeploymentPostprocessing = 0;
		};
		4773A6492DCC6034008EE5A4 /* Resources */ = {
			isa = PBXResourcesBuildPhase;
			buildActionMask = 2147483647;
			files = (
			);
			runOnlyForDeploymentPostprocessing = 0;
		};
/* End PBXResourcesBuildPhase section */

/* Begin PBXShellScriptBuildPhase section */
		4773A65E2DCC6095008EE5A4 /* ShellScript */ = {
			isa = PBXShellScriptBuildPhase;
			buildActionMask = 2147483647;
			files = (
			);
			inputFileListPaths = (
			);
			inputPaths = (
			);
			outputFileListPaths = (
			);
			outputPaths = (
			);
			runOnlyForDeploymentPostprocessing = 0;
			shellPath = /bin/sh;
			shellScript = "cd \"$SRCROOT/..\"\n./gradlew :shared:embedAndSignAppleFrameworkForXcode\n";
		};
/* End PBXShellScriptBuildPhase section */

/* Begin PBXSourcesBuildPhase section */
		4773A6302DCC6033008EE5A4 /* Sources */ = {
			isa = PBXSourcesBuildPhase;
			buildActionMask = 2147483647;
			files = (
			);
			runOnlyForDeploymentPostprocessing = 0;
		};
		4773A63D2DCC6034008EE5A4 /* Sources */ = {
			isa = PBXSourcesBuildPhase;
			buildActionMask = 2147483647;
			files = (
			);
			runOnlyForDeploymentPostprocessing = 0;
		};
		4773A6472DCC6034008EE5A4 /* Sources */ = {
			isa = PBXSourcesBuildPhase;
			buildActionMask = 2147483647;
			files = (
			);
			runOnlyForDeploymentPostprocessing = 0;
		};
/* End PBXSourcesBuildPhase section */

/* Begin PBXTargetDependency section */
		4773A6432DCC6034008EE5A4 /* PBXTargetDependency */ = {
			isa = PBXTargetDependency;
			target = 4773A6332DCC6033008EE5A4 /* knotifyDemo */;
			targetProxy = 4773A6422DCC6034008EE5A4 /* PBXContainerItemProxy */;
		};
		4773A64D2DCC6034008EE5A4 /* PBXTargetDependency */ = {
			isa = PBXTargetDependency;
			target = 4773A6332DCC6033008EE5A4 /* knotifyDemo */;
			targetProxy = 4773A64C2DCC6034008EE5A4 /* PBXContainerItemProxy */;
		};
/* End PBXTargetDependency section */

/* Begin XCBuildConfiguration section */
		4773A6532DCC6034008EE5A4 /* Debug */ = {
			isa = XCBuildConfiguration;
			buildSettings = {
				ALWAYS_SEARCH_USER_PATHS = NO;
				ASSETCATALOG_COMPILER_GENERATE_SWIFT_ASSET_SYMBOL_EXTENSIONS = YES;
				CLANG_ANALYZER_NONNULL = YES;
				CLANG_ANALYZER_NUMBER_OBJECT_CONVERSION = YES_AGGRESSIVE;
				CLANG_CXX_LANGUAGE_STANDARD = "gnu++20";
				CLANG_ENABLE_MODULES = YES;
				CLANG_ENABLE_OBJC_ARC = YES;
				CLANG_ENABLE_OBJC_WEAK = YES;
				CLANG_WARN_BLOCK_CAPTURE_AUTORELEASING = YES;
				CLANG_WARN_BOOL_CONVERSION = YES;
				CLANG_WARN_COMMA = YES;
				CLANG_WARN_CONSTANT_CONVERSION = YES;
				CLANG_WARN_DEPRECATED_OBJC_IMPLEMENTATIONS = YES;
				CLANG_WARN_DIRECT_OBJC_ISA_USAGE = YES_ERROR;
				CLANG_WARN_DOCUMENTATION_COMMENTS = YES;
				CLANG_WARN_EMPTY_BODY = YES;
				CLANG_WARN_ENUM_CONVERSION = YES;
				CLANG_WARN_INFINITE_RECURSION = YES;
				CLANG_WARN_INT_CONVERSION = YES;
				CLANG_WARN_NON_LITERAL_NULL_CONVERSION = YES;
				CLANG_WARN_OBJC_IMPLICIT_RETAIN_SELF = YES;
				CLANG_WARN_OBJC_LITERAL_CONVERSION = YES;
				CLANG_WARN_OBJC_ROOT_CLASS = YES_ERROR;
				CLANG_WARN_QUOTED_INCLUDE_IN_FRAMEWORK_HEADER = YES;
				CLANG_WARN_RANGE_LOOP_ANALYSIS = YES;
				CLANG_WARN_STRICT_PROTOTYPES = YES;
				CLANG_WARN_SUSPICIOUS_MOVE = YES;
				CLANG_WARN_UNGUARDED_AVAILABILITY = YES_AGGRESSIVE;
				CLANG_WARN_UNREACHABLE_CODE = YES;
				CLANG_WARN__DUPLICATE_METHOD_MATCH = YES;
				COPY_PHASE_STRIP = NO;
				DEBUG_INFORMATION_FORMAT = dwarf;
				ENABLE_STRICT_OBJC_MSGSEND = YES;
				ENABLE_TESTABILITY = YES;
				ENABLE_USER_SCRIPT_SANDBOXING = YES;
				GCC_C_LANGUAGE_STANDARD = gnu17;
				GCC_DYNAMIC_NO_PIC = NO;
				GCC_NO_COMMON_BLOCKS = YES;
				GCC_OPTIMIZATION_LEVEL = 0;
				GCC_PREPROCESSOR_DEFINITIONS = (
					"DEBUG=1",
					"$(inherited)",
				);
				GCC_WARN_64_TO_32_BIT_CONVERSION = YES;
				GCC_WARN_ABOUT_RETURN_TYPE = YES_ERROR;
				GCC_WARN_UNDECLARED_SELECTOR = YES;
				GCC_WARN_UNINITIALIZED_AUTOS = YES_AGGRESSIVE;
				GCC_WARN_UNUSED_FUNCTION = YES;
				GCC_WARN_UNUSED_VARIABLE = YES;
				IPHONEOS_DEPLOYMENT_TARGET = 18.4;
				LOCALIZATION_PREFERS_STRING_CATALOGS = YES;
				MTL_ENABLE_DEBUG_INFO = INCLUDE_SOURCE;
				MTL_FAST_MATH = YES;
				ONLY_ACTIVE_ARCH = YES;
				SDKROOT = iphoneos;
				SWIFT_ACTIVE_COMPILATION_CONDITIONS = "DEBUG $(inherited)";
				SWIFT_OPTIMIZATION_LEVEL = "-Onone";
			};
			name = Debug;
		};
		4773A6542DCC6034008EE5A4 /* Release */ = {
			isa = XCBuildConfiguration;
			buildSettings = {
				ALWAYS_SEARCH_USER_PATHS = NO;
				ASSETCATALOG_COMPILER_GENERATE_SWIFT_ASSET_SYMBOL_EXTENSIONS = YES;
				CLANG_ANALYZER_NONNULL = YES;
				CLANG_ANALYZER_NUMBER_OBJECT_CONVERSION = YES_AGGRESSIVE;
				CLANG_CXX_LANGUAGE_STANDARD = "gnu++20";
				CLANG_ENABLE_MODULES = YES;
				CLANG_ENABLE_OBJC_ARC = YES;
				CLANG_ENABLE_OBJC_WEAK = YES;
				CLANG_WARN_BLOCK_CAPTURE_AUTORELEASING = YES;
				CLANG_WARN_BOOL_CONVERSION = YES;
				CLANG_WARN_COMMA = YES;
				CLANG_WARN_CONSTANT_CONVERSION = YES;
				CLANG_WARN_DEPRECATED_OBJC_IMPLEMENTATIONS = YES;
				CLANG_WARN_DIRECT_OBJC_ISA_USAGE = YES_ERROR;
				CLANG_WARN_DOCUMENTATION_COMMENTS = YES;
				CLANG_WARN_EMPTY_BODY = YES;
				CLANG_WARN_ENUM_CONVERSION = YES;
				CLANG_WARN_INFINITE_RECURSION = YES;
				CLANG_WARN_INT_CONVERSION = YES;
				CLANG_WARN_NON_LITERAL_NULL_CONVERSION = YES;
				CLANG_WARN_OBJC_IMPLICIT_RETAIN_SELF = YES;
				CLANG_WARN_OBJC_LITERAL_CONVERSION = YES;
				CLANG_WARN_OBJC_ROOT_CLASS = YES_ERROR;
				CLANG_WARN_QUOTED_INCLUDE_IN_FRAMEWORK_HEADER = YES;
				CLANG_WARN_RANGE_LOOP_ANALYSIS = YES;
				CLANG_WARN_STRICT_PROTOTYPES = YES;
				CLANG_WARN_SUSPICIOUS_MOVE = YES;
				CLANG_WARN_UNGUARDED_AVAILABILITY = YES_AGGRESSIVE;
				CLANG_WARN_UNREACHABLE_CODE = YES;
				CLANG_WARN__DUPLICATE_METHOD_MATCH = YES;
				COPY_PHASE_STRIP = NO;
				DEBUG_INFORMATION_FORMAT = "dwarf-with-dsym";
				ENABLE_NS_ASSERTIONS = NO;
				ENABLE_STRICT_OBJC_MSGSEND = YES;
				ENABLE_USER_SCRIPT_SANDBOXING = YES;
				GCC_C_LANGUAGE_STANDARD = gnu17;
				GCC_NO_COMMON_BLOCKS = YES;
				GCC_WARN_64_TO_32_BIT_CONVERSION = YES;
				GCC_WARN_ABOUT_RETURN_TYPE = YES_ERROR;
				GCC_WARN_UNDECLARED_SELECTOR = YES;
				GCC_WARN_UNINITIALIZED_AUTOS = YES_AGGRESSIVE;
				GCC_WARN_UNUSED_FUNCTION = YES;
				GCC_WARN_UNUSED_VARIABLE = YES;
				IPHONEOS_DEPLOYMENT_TARGET = 18.4;
				LOCALIZATION_PREFERS_STRING_CATALOGS = YES;
				MTL_ENABLE_DEBUG_INFO = NO;
				MTL_FAST_MATH = YES;
				SDKROOT = iphoneos;
				SWIFT_COMPILATION_MODE = wholemodule;
				VALIDATE_PRODUCT = YES;
			};
			name = Release;
		};
		4773A6562DCC6034008EE5A4 /* Debug */ = {
			isa = XCBuildConfiguration;
			buildSettings = {
				ASSETCATALOG_COMPILER_APPICON_NAME = AppIcon;
				ASSETCATALOG_COMPILER_GLOBAL_ACCENT_COLOR_NAME = AccentColor;
				CODE_SIGN_STYLE = Automatic;
				CURRENT_PROJECT_VERSION = 1;
				ENABLE_PREVIEWS = YES;
				ENABLE_USER_SCRIPT_SANDBOXING = NO;
				GENERATE_INFOPLIST_FILE = YES;
				INFOPLIST_KEY_UIApplicationSceneManifest_Generation = YES;
				INFOPLIST_KEY_UIApplicationSupportsIndirectInputEvents = YES;
				INFOPLIST_KEY_UILaunchScreen_Generation = YES;
				INFOPLIST_KEY_UISupportedInterfaceOrientations_iPad = "UIInterfaceOrientationPortrait UIInterfaceOrientationPortraitUpsideDown UIInterfaceOrientationLandscapeLeft UIInterfaceOrientationLandscapeRight";
				INFOPLIST_KEY_UISupportedInterfaceOrientations_iPhone = "UIInterfaceOrientationPortrait UIInterfaceOrientationLandscapeLeft UIInterfaceOrientationLandscapeRight";
				LD_RUNPATH_SEARCH_PATHS = (
					"$(inherited)",
					"@executable_path/Frameworks",
				);
				MARKETING_VERSION = 1.0;
				PRODUCT_BUNDLE_IDENTIFIER = io.github.kdroidfilter.knotifyDemo;
				PRODUCT_NAME = "$(TARGET_NAME)";
				SWIFT_EMIT_LOC_STRINGS = YES;
				SWIFT_VERSION = 5.0;
				TARGETED_DEVICE_FAMILY = "1,2";
			};
			name = Debug;
		};
		4773A6572DCC6034008EE5A4 /* Release */ = {
			isa = XCBuildConfiguration;
			buildSettings = {
				ASSETCATALOG_COMPILER_APPICON_NAME = AppIcon;
				ASSETCATALOG_COMPILER_GLOBAL_ACCENT_COLOR_NAME = AccentColor;
				CODE_SIGN_STYLE = Automatic;
				CURRENT_PROJECT_VERSION = 1;
				ENABLE_PREVIEWS = YES;
				ENABLE_USER_SCRIPT_SANDBOXING = NO;
				GENERATE_INFOPLIST_FILE = YES;
				INFOPLIST_KEY_UIApplicationSceneManifest_Generation = YES;
				INFOPLIST_KEY_UIApplicationSupportsIndirectInputEvents = YES;
				INFOPLIST_KEY_UILaunchScreen_Generation = YES;
				INFOPLIST_KEY_UISupportedInterfaceOrientations_iPad = "UIInterfaceOrientationPortrait UIInterfaceOrientationPortraitUpsideDown UIInterfaceOrientationLandscapeLeft UIInterfaceOrientationLandscapeRight";
				INFOPLIST_KEY_UISupportedInterfaceOrientations_iPhone = "UIInterfaceOrientationPortrait UIInterfaceOrientationLandscapeLeft UIInterfaceOrientationLandscapeRight";
				LD_RUNPATH_SEARCH_PATHS = (
					"$(inherited)",
					"@executable_path/Frameworks",
				);
				MARKETING_VERSION = 1.0;
				PRODUCT_BUNDLE_IDENTIFIER = io.github.kdroidfilter.knotifyDemo;
				PRODUCT_NAME = "$(TARGET_NAME)";
				SWIFT_EMIT_LOC_STRINGS = YES;
				SWIFT_VERSION = 5.0;
				TARGETED_DEVICE_FAMILY = "1,2";
			};
			name = Release;
		};
		4773A6592DCC6034008EE5A4 /* Debug */ = {
			isa = XCBuildConfiguration;
			buildSettings = {
				BUNDLE_LOADER = "$(TEST_HOST)";
				CODE_SIGN_STYLE = Automatic;
				CURRENT_PROJECT_VERSION = 1;
				GENERATE_INFOPLIST_FILE = YES;
				IPHONEOS_DEPLOYMENT_TARGET = 18.4;
				MARKETING_VERSION = 1.0;
				PRODUCT_BUNDLE_IDENTIFIER = io.github.kdroidfilter.knotifyDemoTests;
				PRODUCT_NAME = "$(TARGET_NAME)";
				SWIFT_EMIT_LOC_STRINGS = NO;
				SWIFT_VERSION = 5.0;
				TARGETED_DEVICE_FAMILY = "1,2";
				TEST_HOST = "$(BUILT_PRODUCTS_DIR)/knotifyDemo.app/$(BUNDLE_EXECUTABLE_FOLDER_PATH)/knotifyDemo";
			};
			name = Debug;
		};
		4773A65A2DCC6034008EE5A4 /* Release */ = {
			isa = XCBuildConfiguration;
			buildSettings = {
				BUNDLE_LOADER = "$(TEST_HOST)";
				CODE_SIGN_STYLE = Automatic;
				CURRENT_PROJECT_VERSION = 1;
				GENERATE_INFOPLIST_FILE = YES;
				IPHONEOS_DEPLOYMENT_TARGET = 18.4;
				MARKETING_VERSION = 1.0;
				PRODUCT_BUNDLE_IDENTIFIER = io.github.kdroidfilter.knotifyDemoTests;
				PRODUCT_NAME = "$(TARGET_NAME)";
				SWIFT_EMIT_LOC_STRINGS = NO;
				SWIFT_VERSION = 5.0;
				TARGETED_DEVICE_FAMILY = "1,2";
				TEST_HOST = "$(BUILT_PRODUCTS_DIR)/knotifyDemo.app/$(BUNDLE_EXECUTABLE_FOLDER_PATH)/knotifyDemo";
			};
			name = Release;
		};
		4773A65C2DCC6034008EE5A4 /* Debug */ = {
			isa = XCBuildConfiguration;
			buildSettings = {
				CODE_SIGN_STYLE = Automatic;
				CURRENT_PROJECT_VERSION = 1;
				GENERATE_INFOPLIST_FILE = YES;
				MARKETING_VERSION = 1.0;
				PRODUCT_BUNDLE_IDENTIFIER = io.github.kdroidfilter.knotifyDemoUITests;
				PRODUCT_NAME = "$(TARGET_NAME)";
				SWIFT_EMIT_LOC_STRINGS = NO;
				SWIFT_VERSION = 5.0;
				TARGETED_DEVICE_FAMILY = "1,2";
				TEST_TARGET_NAME = knotifyDemo;
			};
			name = Debug;
		};
		4773A65D2DCC6034008EE5A4 /* Release */ = {
			isa = XCBuildConfiguration;
			buildSettings = {
				CODE_SIGN_STYLE = Automatic;
				CURRENT_PROJECT_VERSION = 1;
				GENERATE_INFOPLIST_FILE = YES;
				MARKETING_VERSION = 1.0;
				PRODUCT_BUNDLE_IDENTIFIER = io.github.kdroidfilter.knotifyDemoUITests;
				PRODUCT_NAME = "$(TARGET_NAME)";
				SWIFT_EMIT_LOC_STRINGS = NO;
				SWIFT_VERSION = 5.0;
				TARGETED_DEVICE_FAMILY = "1,2";
				TEST_TARGET_NAME = knotifyDemo;
			};
			name = Release;
		};
/* End XCBuildConfiguration section */

/* Begin XCConfigurationList section */
		4773A62F2DCC6033008EE5A4 /* Build configuration list for PBXProject "knotifyDemo" */ = {
			isa = XCConfigurationList;
			buildConfigurations = (
				4773A6532DCC6034008EE5A4 /* Debug */,
				4773A6542DCC6034008EE5A4 /* Release */,
			);
			defaultConfigurationIsVisible = 0;
			defaultConfigurationName = Release;
		};
		4773A6552DCC6034008EE5A4 /* Build configuration list for PBXNativeTarget "knotifyDemo" */ = {
			isa = XCConfigurationList;
			buildConfigurations = (
				4773A6562DCC6034008EE5A4 /* Debug */,
				4773A6572DCC6034008EE5A4 /* Release */,
			);
			defaultConfigurationIsVisible = 0;
			defaultConfigurationName = Release;
		};
		4773A6582DCC6034008EE5A4 /* Build configuration list for PBXNativeTarget "knotifyDemoTests" */ = {
			isa = XCConfigurationList;
			buildConfigurations = (
				4773A6592DCC6034008EE5A4 /* Debug */,
				4773A65A2DCC6034008EE5A4 /* Release */,
			);
			defaultConfigurationIsVisible = 0;
			defaultConfigurationName = Release;
		};
		4773A65B2DCC6034008EE5A4 /* Build configuration list for PBXNativeTarget "knotifyDemoUITests" */ = {
			isa = XCConfigurationList;
			buildConfigurations = (
				4773A65C2DCC6034008EE5A4 /* Debug */,
				4773A65D2DCC6034008EE5A4 /* Release */,
			);
			defaultConfigurationIsVisible = 0;
			defaultConfigurationName = Release;
		};
/* End XCConfigurationList section */
	};
	rootObject = 4773A62C2DCC6033008EE5A4 /* Project object */;
}
